
Microsoft Visual Studio Solution File, Format Version 12.00
# Visual Studio 15
VisualStudioVersion = 15.0.27130.2027
MinimumVisualStudioVersion = 10.0.40219.1
Project("{FAE04EC0-301F-11D3-BF4B-00C04F79EFBC}") = "WebAdminApp", "WebAdminApp\WebAdminApp.csproj", "{B7B51930-26C5-4EDE-AD5E-4DD4D4F58921}"
EndProject
Global
	GlobalSection(SolutionConfigurationPlatforms) = preSolution
		Debug|Any CPU = Debug|Any CPU
		Release|Any CPU = Release|Any CPU
	EndGlobalSection
	GlobalSection(ProjectConfigurationPlatforms) = postSolution
		{B7B51930-26C5-4EDE-AD5E-4DD4D4F58921}.Debug|Any CPU.ActiveCfg = Debug|Any CPU
		{B7B51930-26C5-4EDE-AD5E-4DD4D4F58921}.Debug|Any CPU.Build.0 = Debug|Any CPU
		{B7B51930-26C5-4EDE-AD5E-4DD4D4F58921}.Release|Any CPU.ActiveCfg = Release|Any CPU
		{B7B51930-26C5-4EDE-AD5E-4DD4D4F58921}.Release|Any CPU.Build.0 = Release|Any CPU
	EndGlobalSection
	GlobalSection(SolutionProperties) = preSolution
		HideSolutionNode = FALSE
	EndGlobalSection
	GlobalSection(ExtensibilityGlobals) = postSolution
		SolutionGuid = {18B86466-A21B-4D5B-9914-99083BBA6295}
	EndGlobalSection
EndGlobal
