
Microsoft Visual Studio Solution File, Format Version 12.00
# Visual Studio 15
VisualStudioVersion = 15.0.27130.2027
MinimumVisualStudioVersion = 10.0.40219.1
Project("{FAE04EC0-301F-11D3-BF4B-00C04F79EFBC}") = "REST_API", "REST_API\REST_API.csproj", "{0D60C1F1-8B03-4652-9FC6-E9A42B7A0532}"
EndProject
Global
	GlobalSection(SolutionConfigurationPlatforms) = preSolution
		Debug|Any CPU = Debug|Any CPU
		Release|Any CPU = Release|Any CPU
	EndGlobalSection
	GlobalSection(ProjectConfigurationPlatforms) = postSolution
		{0D60C1F1-8B03-4652-9FC6-E9A42B7A0532}.Debug|Any CPU.ActiveCfg = Debug|Any CPU
		{0D60C1F1-8B03-4652-9FC6-E9A42B7A0532}.Debug|Any CPU.Build.0 = Debug|Any CPU
		{0D60C1F1-8B03-4652-9FC6-E9A42B7A0532}.Release|Any CPU.ActiveCfg = Release|Any CPU
		{0D60C1F1-8B03-4652-9FC6-E9A42B7A0532}.Release|Any CPU.Build.0 = Release|Any CPU
	EndGlobalSection
	GlobalSection(SolutionProperties) = preSolution
		HideSolutionNode = FALSE
	EndGlobalSection
	GlobalSection(ExtensibilityGlobals) = postSolution
		SolutionGuid = {23BE0847-E460-4D5F-9781-39F63D448DF3}
	EndGlobalSection
EndGlobal
