
Microsoft Visual Studio Solution File, Format Version 12.00
# Visual Studio 15
VisualStudioVersion = 15.0.27130.2027
MinimumVisualStudioVersion = 10.0.40219.1
Project("{FAE04EC0-301F-11D3-BF4B-00C04F79EFBC}") = "DaemonTest", "DaemonTest\DaemonTest.csproj", "{CE689B51-F4AC-4772-8B9B-DD2A7EDBBB8B}"
EndProject
Global
	GlobalSection(SolutionConfigurationPlatforms) = preSolution
		Debug|Any CPU = Debug|Any CPU
		Release|Any CPU = Release|Any CPU
	EndGlobalSection
	GlobalSection(ProjectConfigurationPlatforms) = postSolution
		{CE689B51-F4AC-4772-8B9B-DD2A7EDBBB8B}.Debug|Any CPU.ActiveCfg = Debug|Any CPU
		{CE689B51-F4AC-4772-8B9B-DD2A7EDBBB8B}.Debug|Any CPU.Build.0 = Debug|Any CPU
		{CE689B51-F4AC-4772-8B9B-DD2A7EDBBB8B}.Release|Any CPU.ActiveCfg = Release|Any CPU
		{CE689B51-F4AC-4772-8B9B-DD2A7EDBBB8B}.Release|Any CPU.Build.0 = Release|Any CPU
	EndGlobalSection
	GlobalSection(SolutionProperties) = preSolution
		HideSolutionNode = FALSE
	EndGlobalSection
	GlobalSection(ExtensibilityGlobals) = postSolution
		SolutionGuid = {04A78A49-F129-4C37-B470-C7E3213B8D68}
	EndGlobalSection
EndGlobal
