
Microsoft Visual Studio Solution File, Format Version 12.00
# Visual Studio 15
VisualStudioVersion = 15.0.27130.2027
MinimumVisualStudioVersion = 10.0.40219.1
Project("{FAE04EC0-301F-11D3-BF4B-00C04F79EFBC}") = "WebAdminAppAngular5", "WebAdminAppAngular5\WebAdminAppAngular5.csproj", "{3DD14B4D-0879-47D1-B16F-B261238D1412}"
EndProject
Global
	GlobalSection(SolutionConfigurationPlatforms) = preSolution
		Debug|Any CPU = Debug|Any CPU
		Release|Any CPU = Release|Any CPU
	EndGlobalSection
	GlobalSection(ProjectConfigurationPlatforms) = postSolution
		{3DD14B4D-0879-47D1-B16F-B261238D1412}.Debug|Any CPU.ActiveCfg = Debug|Any CPU
		{3DD14B4D-0879-47D1-B16F-B261238D1412}.Debug|Any CPU.Build.0 = Debug|Any CPU
		{3DD14B4D-0879-47D1-B16F-B261238D1412}.Release|Any CPU.ActiveCfg = Release|Any CPU
		{3DD14B4D-0879-47D1-B16F-B261238D1412}.Release|Any CPU.Build.0 = Release|Any CPU
	EndGlobalSection
	GlobalSection(SolutionProperties) = preSolution
		HideSolutionNode = FALSE
	EndGlobalSection
	GlobalSection(ExtensibilityGlobals) = postSolution
		SolutionGuid = {68B41076-D8B5-45EB-A897-81ACB0042AB9}
	EndGlobalSection
EndGlobal
